// !$*UTF8*$!
{
	archiveVersion = 1;
	classes = {
	};
	objectVersion = 50;
	objects = {

/* Begin PBXBuildFile section */
		8CF7C8362395EF0C00DC314B /* AppDelegate.swift in Sources */ = {isa = PBXBuildFile; fileRef = 8CF7C8352395EF0C00DC314B /* AppDelegate.swift */; };
		8CF7C8382395EF0C00DC314B /* SceneDelegate.swift in Sources */ = {isa = PBXBuildFile; fileRef = 8CF7C8372395EF0C00DC314B /* SceneDelegate.swift */; };
		8CF7C83B2395EF0C00DC314B /* EcommerceTemplate.xcdatamodeld in Sources */ = {isa = PBXBuildFile; fileRef = 8CF7C8392395EF0C00DC314B /* EcommerceTemplate.xcdatamodeld */; };
		8CF7C83D2395EF0C00DC314B /* ContentView.swift in Sources */ = {isa = PBXBuildFile; fileRef = 8CF7C83C2395EF0C00DC314B /* ContentView.swift */; };
		8CF7C83F2395EF0F00DC314B /* Assets.xcassets in Resources */ = {isa = PBXBuildFile; fileRef = 8CF7C83E2395EF0F00DC314B /* Assets.xcassets */; };
		8CF7C8422395EF0F00DC314B /* Preview Assets.xcassets in Resources */ = {isa = PBXBuildFile; fileRef = 8CF7C8412395EF0F00DC314B /* Preview Assets.xcassets */; };
		8CF7C8452395EF0F00DC314B /* LaunchScreen.storyboard in Resources */ = {isa = PBXBuildFile; fileRef = 8CF7C8432395EF0F00DC314B /* LaunchScreen.storyboard */; };
		8CF7C8502395EF0F00DC314B /* EcommerceTemplateTests.swift in Sources */ = {isa = PBXBuildFile; fileRef = 8CF7C84F2395EF0F00DC314B /* EcommerceTemplateTests.swift */; };
		8CF7C85B2395EF0F00DC314B /* EcommerceTemplateUITests.swift in Sources */ = {isa = PBXBuildFile; fileRef = 8CF7C85A2395EF0F00DC314B /* EcommerceTemplateUITests.swift */; };
		8CF7C8692395F38900DC314B /* TCTabBar.swift in Sources */ = {isa = PBXBuildFile; fileRef = 8CF7C8682395F38900DC314B /* TCTabBar.swift */; };
		8CF7C86B2395FAFE00DC314B /* CartView.swift in Sources */ = {isa = PBXBuildFile; fileRef = 8CF7C86A2395FAFE00DC314B /* CartView.swift */; };
		8CF7C86D2395FB1F00DC314B /* ProductCartRow.swift in Sources */ = {isa = PBXBuildFile; fileRef = 8CF7C86C2395FB1F00DC314B /* ProductCartRow.swift */; };
		8CF7C86F2395FCA300DC314B /* ProductStructs.swift in Sources */ = {isa = PBXBuildFile; fileRef = 8CF7C86E2395FCA300DC314B /* ProductStructs.swift */; };
		8CF7C87123988DF700DC314B /* ProductCell.swift in Sources */ = {isa = PBXBuildFile; fileRef = 8CF7C87023988DF700DC314B /* ProductCell.swift */; };
		8CF7C873239890AE00DC314B /* ProductCatalog.swift in Sources */ = {isa = PBXBuildFile; fileRef = 8CF7C872239890AE00DC314B /* ProductCatalog.swift */; };
		8CF7C87523989C4600DC314B /* ProductDetail.swift in Sources */ = {isa = PBXBuildFile; fileRef = 8CF7C87423989C4600DC314B /* ProductDetail.swift */; };
		8CF7C8772399B87000DC314B /* RatingBlock.swift in Sources */ = {isa = PBXBuildFile; fileRef = 8CF7C8762399B87000DC314B /* RatingBlock.swift */; };
		8CF7C87B239C991600DC314B /* ShareSheet.swift in Sources */ = {isa = PBXBuildFile; fileRef = 8CF7C87A239C991600DC314B /* ShareSheet.swift */; };
		8CF7C87D239C9C0000DC314B /* SettingsView.swift in Sources */ = {isa = PBXBuildFile; fileRef = 8CF7C87C239C9C0000DC314B /* SettingsView.swift */; };
/* End PBXBuildFile section */

/* Begin PBXContainerItemProxy section */
		8CF7C84C2395EF0F00DC314B /* PBXContainerItemProxy */ = {
			isa = PBXContainerItemProxy;
			containerPortal = 8CF7C82A2395EF0C00DC314B /* Project object */;
			proxyType = 1;
			remoteGlobalIDString = 8CF7C8312395EF0C00DC314B;
			remoteInfo = EcommerceTemplate;
		};
		8CF7C8572395EF0F00DC314B /* PBXContainerItemProxy */ = {
			isa = PBXContainerItemProxy;
			containerPortal = 8CF7C82A2395EF0C00DC314B /* Project object */;
			proxyType = 1;
			remoteGlobalIDString = 8CF7C8312395EF0C00DC314B;
			remoteInfo = EcommerceTemplate;
		};
/* End PBXContainerItemProxy section */

/* Begin PBXFileReference section */
		8CF7C8322395EF0C00DC314B /* EcommerceTemplate.app */ = {isa = PBXFileReference; explicitFileType = wrapper.application; includeInIndex = 0; path = EcommerceTemplate.app; sourceTree = BUILT_PRODUCTS_DIR; };
		8CF7C8352395EF0C00DC314B /* AppDelegate.swift */ = {isa = PBXFileReference; lastKnownFileType = sourcecode.swift; path = AppDelegate.swift; sourceTree = "<group>"; };
		8CF7C8372395EF0C00DC314B /* SceneDelegate.swift */ = {isa = PBXFileReference; lastKnownFileType = sourcecode.swift; path = SceneDelegate.swift; sourceTree = "<group>"; };
		8CF7C83A2395EF0C00DC314B /* EcommerceTemplate.xcdatamodel */ = {isa = PBXFileReference; lastKnownFileType = wrapper.xcdatamodel; path = EcommerceTemplate.xcdatamodel; sourceTree = "<group>"; };
		8CF7C83C2395EF0C00DC314B /* ContentView.swift */ = {isa = PBXFileReference; lastKnownFileType = sourcecode.swift; path = ContentView.swift; sourceTree = "<group>"; };
		8CF7C83E2395EF0F00DC314B /* Assets.xcassets */ = {isa = PBXFileReference; lastKnownFileType = folder.assetcatalog; path = Assets.xcassets; sourceTree = "<group>"; };
		8CF7C8412395EF0F00DC314B /* Preview Assets.xcassets */ = {isa = PBXFileReference; lastKnownFileType = folder.assetcatalog; path = "Preview Assets.xcassets"; sourceTree = "<group>"; };
		8CF7C8442395EF0F00DC314B /* Base */ = {isa = PBXFileReference; lastKnownFileType = file.storyboard; name = Base; path = Base.lproj/LaunchScreen.storyboard; sourceTree = "<group>"; };
		8CF7C8462395EF0F00DC314B /* Info.plist */ = {isa = PBXFileReference; lastKnownFileType = text.plist.xml; path = Info.plist; sourceTree = "<group>"; };
		8CF7C84B2395EF0F00DC314B /* EcommerceTemplateTests.xctest */ = {isa = PBXFileReference; explicitFileType = wrapper.cfbundle; includeInIndex = 0; path = EcommerceTemplateTests.xctest; sourceTree = BUILT_PRODUCTS_DIR; };
		8CF7C84F2395EF0F00DC314B /* EcommerceTemplateTests.swift */ = {isa = PBXFileReference; lastKnownFileType = sourcecode.swift; path = EcommerceTemplateTests.swift; sourceTree = "<group>"; };
		8CF7C8512395EF0F00DC314B /* Info.plist */ = {isa = PBXFileReference; lastKnownFileType = text.plist.xml; path = Info.plist; sourceTree = "<group>"; };
		8CF7C8562395EF0F00DC314B /* EcommerceTemplateUITests.xctest */ = {isa = PBXFileReference; explicitFileType = wrapper.cfbundle; includeInIndex = 0; path = EcommerceTemplateUITests.xctest; sourceTree = BUILT_PRODUCTS_DIR; };
		8CF7C85A2395EF0F00DC314B /* EcommerceTemplateUITests.swift */ = {isa = PBXFileReference; lastKnownFileType = sourcecode.swift; path = EcommerceTemplateUITests.swift; sourceTree = "<group>"; };
		8CF7C85C2395EF0F00DC314B /* Info.plist */ = {isa = PBXFileReference; lastKnownFileType = text.plist.xml; path = Info.plist; sourceTree = "<group>"; };
		8CF7C8682395F38900DC314B /* TCTabBar.swift */ = {isa = PBXFileReference; lastKnownFileType = sourcecode.swift; path = TCTabBar.swift; sourceTree = "<group>"; };
		8CF7C86A2395FAFE00DC314B /* CartView.swift */ = {isa = PBXFileReference; lastKnownFileType = sourcecode.swift; path = CartView.swift; sourceTree = "<group>"; };
		8CF7C86C2395FB1F00DC314B /* ProductCartRow.swift */ = {isa = PBXFileReference; lastKnownFileType = sourcecode.swift; path = ProductCartRow.swift; sourceTree = "<group>"; };
		8CF7C86E2395FCA300DC314B /* ProductStructs.swift */ = {isa = PBXFileReference; lastKnownFileType = sourcecode.swift; path = ProductStructs.swift; sourceTree = "<group>"; };
		8CF7C87023988DF700DC314B /* ProductCell.swift */ = {isa = PBXFileReference; lastKnownFileType = sourcecode.swift; path = ProductCell.swift; sourceTree = "<group>"; };
		8CF7C872239890AE00DC314B /* ProductCatalog.swift */ = {isa = PBXFileReference; lastKnownFileType = sourcecode.swift; path = ProductCatalog.swift; sourceTree = "<group>"; };
		8CF7C87423989C4600DC314B /* ProductDetail.swift */ = {isa = PBXFileReference; lastKnownFileType = sourcecode.swift; path = ProductDetail.swift; sourceTree = "<group>"; };
		8CF7C8762399B87000DC314B /* RatingBlock.swift */ = {isa = PBXFileReference; lastKnownFileType = sourcecode.swift; path = RatingBlock.swift; sourceTree = "<group>"; };
		8CF7C87A239C991600DC314B /* ShareSheet.swift */ = {isa = PBXFileReference; lastKnownFileType = sourcecode.swift; path = ShareSheet.swift; sourceTree = "<group>"; };
		8CF7C87C239C9C0000DC314B /* SettingsView.swift */ = {isa = PBXFileReference; lastKnownFileType = sourcecode.swift; path = SettingsView.swift; sourceTree = "<group>"; };
/* End PBXFileReference section */

/* Begin PBXFrameworksBuildPhase section */
		8CF7C82F2395EF0C00DC314B /* Frameworks */ = {
			isa = PBXFrameworksBuildPhase;
			buildActionMask = 2147483647;
			files = (
			);
			runOnlyForDeploymentPostprocessing = 0;
		};
		8CF7C8482395EF0F00DC314B /* Frameworks */ = {
			isa = PBXFrameworksBuildPhase;
			buildActionMask = 2147483647;
			files = (
			);
			runOnlyForDeploymentPostprocessing = 0;
		};
		8CF7C8532395EF0F00DC314B /* Frameworks */ = {
			isa = PBXFrameworksBuildPhase;
			buildActionMask = 2147483647;
			files = (
			);
			runOnlyForDeploymentPostprocessing = 0;
		};
/* End PBXFrameworksBuildPhase section */

/* Begin PBXGroup section */
		8CF7C8292395EF0C00DC314B = {
			isa = PBXGroup;
			children = (
				8CF7C8342395EF0C00DC314B /* EcommerceTemplate */,
				8CF7C84E2395EF0F00DC314B /* EcommerceTemplateTests */,
				8CF7C8592395EF0F00DC314B /* EcommerceTemplateUITests */,
				8CF7C8332395EF0C00DC314B /* Products */,
			);
			sourceTree = "<group>";
		};
		8CF7C8332395EF0C00DC314B /* Products */ = {
			isa = PBXGroup;
			children = (
				8CF7C8322395EF0C00DC314B /* EcommerceTemplate.app */,
				8CF7C84B2395EF0F00DC314B /* EcommerceTemplateTests.xctest */,
				8CF7C8562395EF0F00DC314B /* EcommerceTemplateUITests.xctest */,
			);
			name = Products;
			sourceTree = "<group>";
		};
		8CF7C8342395EF0C00DC314B /* EcommerceTemplate */ = {
			isa = PBXGroup;
			children = (
				8CF7C8352395EF0C00DC314B /* AppDelegate.swift */,
				8CF7C8372395EF0C00DC314B /* SceneDelegate.swift */,
				8CF7C83C2395EF0C00DC314B /* ContentView.swift */,
				8CF7C83E2395EF0F00DC314B /* Assets.xcassets */,
				8CF7C8432395EF0F00DC314B /* LaunchScreen.storyboard */,
				8CF7C8462395EF0F00DC314B /* Info.plist */,
				8CF7C8392395EF0C00DC314B /* EcommerceTemplate.xcdatamodeld */,
				8CF7C8402395EF0F00DC314B /* Preview Content */,
				8CF7C8682395F38900DC314B /* TCTabBar.swift */,
				8CF7C86A2395FAFE00DC314B /* CartView.swift */,
				8CF7C86C2395FB1F00DC314B /* ProductCartRow.swift */,
				8CF7C86E2395FCA300DC314B /* ProductStructs.swift */,
				8CF7C87023988DF700DC314B /* ProductCell.swift */,
				8CF7C872239890AE00DC314B /* ProductCatalog.swift */,
				8CF7C87423989C4600DC314B /* ProductDetail.swift */,
				8CF7C8762399B87000DC314B /* RatingBlock.swift */,
				8CF7C87A239C991600DC314B /* ShareSheet.swift */,
				8CF7C87C239C9C0000DC314B /* SettingsView.swift */,
			);
			path = EcommerceTemplate;
			sourceTree = "<group>";
		};
		8CF7C8402395EF0F00DC314B /* Preview Content */ = {
			isa = PBXGroup;
			children = (
				8CF7C8412395EF0F00DC314B /* Preview Assets.xcassets */,
			);
			path = "Preview Content";
			sourceTree = "<group>";
		};
		8CF7C84E2395EF0F00DC314B /* EcommerceTemplateTests */ = {
			isa = PBXGroup;
			children = (
				8CF7C84F2395EF0F00DC314B /* EcommerceTemplateTests.swift */,
				8CF7C8512395EF0F00DC314B /* Info.plist */,
			);
			path = EcommerceTemplateTests;
			sourceTree = "<group>";
		};
		8CF7C8592395EF0F00DC314B /* EcommerceTemplateUITests */ = {
			isa = PBXGroup;
			children = (
				8CF7C85A2395EF0F00DC314B /* EcommerceTemplateUITests.swift */,
				8CF7C85C2395EF0F00DC314B /* Info.plist */,
			);
			path = EcommerceTemplateUITests;
			sourceTree = "<group>";
		};
/* End PBXGroup section */

/* Begin PBXNativeTarget section */
		8CF7C8312395EF0C00DC314B /* EcommerceTemplate */ = {
			isa = PBXNativeTarget;
			buildConfigurationList = 8CF7C85F2395EF0F00DC314B /* Build configuration list for PBXNativeTarget "EcommerceTemplate" */;
			buildPhases = (
				8CF7C82E2395EF0C00DC314B /* Sources */,
				8CF7C82F2395EF0C00DC314B /* Frameworks */,
				8CF7C8302395EF0C00DC314B /* Resources */,
			);
			buildRules = (
			);
			dependencies = (
			);
			name = EcommerceTemplate;
			productName = EcommerceTemplate;
			productReference = 8CF7C8322395EF0C00DC314B /* EcommerceTemplate.app */;
			productType = "com.apple.product-type.application";
		};
		8CF7C84A2395EF0F00DC314B /* EcommerceTemplateTests */ = {
			isa = PBXNativeTarget;
			buildConfigurationList = 8CF7C8622395EF0F00DC314B /* Build configuration list for PBXNativeTarget "EcommerceTemplateTests" */;
			buildPhases = (
				8CF7C8472395EF0F00DC314B /* Sources */,
				8CF7C8482395EF0F00DC314B /* Frameworks */,
				8CF7C8492395EF0F00DC314B /* Resources */,
			);
			buildRules = (
			);
			dependencies = (
				8CF7C84D2395EF0F00DC314B /* PBXTargetDependency */,
			);
			name = EcommerceTemplateTests;
			productName = EcommerceTemplateTests;
			productReference = 8CF7C84B2395EF0F00DC314B /* EcommerceTemplateTests.xctest */;
			productType = "com.apple.product-type.bundle.unit-test";
		};
		8CF7C8552395EF0F00DC314B /* EcommerceTemplateUITests */ = {
			isa = PBXNativeTarget;
			buildConfigurationList = 8CF7C8652395EF0F00DC314B /* Build configuration list for PBXNativeTarget "EcommerceTemplateUITests" */;
			buildPhases = (
				8CF7C8522395EF0F00DC314B /* Sources */,
				8CF7C8532395EF0F00DC314B /* Frameworks */,
				8CF7C8542395EF0F00DC314B /* Resources */,
			);
			buildRules = (
			);
			dependencies = (
				8CF7C8582395EF0F00DC314B /* PBXTargetDependency */,
			);
			name = EcommerceTemplateUITests;
			productName = EcommerceTemplateUITests;
			productReference = 8CF7C8562395EF0F00DC314B /* EcommerceTemplateUITests.xctest */;
			productType = "com.apple.product-type.bundle.ui-testing";
		};
/* End PBXNativeTarget section */

/* Begin PBXProject section */
		8CF7C82A2395EF0C00DC314B /* Project object */ = {
			isa = PBXProject;
			attributes = {
				LastSwiftUpdateCheck = 1120;
				LastUpgradeCheck = 1120;
				ORGANIZATIONNAME = "Jean-Marc Boullianne";
				TargetAttributes = {
					8CF7C8312395EF0C00DC314B = {
						CreatedOnToolsVersion = 11.2;
					};
					8CF7C84A2395EF0F00DC314B = {
						CreatedOnToolsVersion = 11.2;
						TestTargetID = 8CF7C8312395EF0C00DC314B;
					};
					8CF7C8552395EF0F00DC314B = {
						CreatedOnToolsVersion = 11.2;
						TestTargetID = 8CF7C8312395EF0C00DC314B;
					};
				};
			};
			buildConfigurationList = 8CF7C82D2395EF0C00DC314B /* Build configuration list for PBXProject "EcommerceTemplate" */;
			compatibilityVersion = "Xcode 9.3";
			developmentRegion = en;
			hasScannedForEncodings = 0;
			knownRegions = (
				en,
				Base,
			);
			mainGroup = 8CF7C8292395EF0C00DC314B;
			productRefGroup = 8CF7C8332395EF0C00DC314B /* Products */;
			projectDirPath = "";
			projectRoot = "";
			targets = (
				8CF7C8312395EF0C00DC314B /* EcommerceTemplate */,
				8CF7C84A2395EF0F00DC314B /* EcommerceTemplateTests */,
				8CF7C8552395EF0F00DC314B /* EcommerceTemplateUITests */,
			);
		};
/* End PBXProject section */

/* Begin PBXResourcesBuildPhase section */
		8CF7C8302395EF0C00DC314B /* Resources */ = {
			isa = PBXResourcesBuildPhase;
			buildActionMask = 2147483647;
			files = (
				8CF7C8452395EF0F00DC314B /* LaunchScreen.storyboard in Resources */,
				8CF7C8422395EF0F00DC314B /* Preview Assets.xcassets in Resources */,
				8CF7C83F2395EF0F00DC314B /* Assets.xcassets in Resources */,
			);
			runOnlyForDeploymentPostprocessing = 0;
		};
		8CF7C8492395EF0F00DC314B /* Resources */ = {
			isa = PBXResourcesBuildPhase;
			buildActionMask = 2147483647;
			files = (
			);
			runOnlyForDeploymentPostprocessing = 0;
		};
		8CF7C8542395EF0F00DC314B /* Resources */ = {
			isa = PBXResourcesBuildPhase;
			buildActionMask = 2147483647;
			files = (
			);
			runOnlyForDeploymentPostprocessing = 0;
		};
/* End PBXResourcesBuildPhase section */

/* Begin PBXSourcesBuildPhase section */
		8CF7C82E2395EF0C00DC314B /* Sources */ = {
			isa = PBXSourcesBuildPhase;
			buildActionMask = 2147483647;
			files = (
				8CF7C86B2395FAFE00DC314B /* CartView.swift in Sources */,
				8CF7C86F2395FCA300DC314B /* ProductStructs.swift in Sources */,
				8CF7C86D2395FB1F00DC314B /* ProductCartRow.swift in Sources */,
				8CF7C83B2395EF0C00DC314B /* EcommerceTemplate.xcdatamodeld in Sources */,
				8CF7C8362395EF0C00DC314B /* AppDelegate.swift in Sources */,
				8CF7C87B239C991600DC314B /* ShareSheet.swift in Sources */,
				8CF7C83D2395EF0C00DC314B /* ContentView.swift in Sources */,
				8CF7C87D239C9C0000DC314B /* SettingsView.swift in Sources */,
				8CF7C87123988DF700DC314B /* ProductCell.swift in Sources */,
				8CF7C8382395EF0C00DC314B /* SceneDelegate.swift in Sources */,
				8CF7C8772399B87000DC314B /* RatingBlock.swift in Sources */,
				8CF7C8692395F38900DC314B /* TCTabBar.swift in Sources */,
				8CF7C87523989C4600DC314B /* ProductDetail.swift in Sources */,
				8CF7C873239890AE00DC314B /* ProductCatalog.swift in Sources */,
			);
			runOnlyForDeploymentPostprocessing = 0;
		};
		8CF7C8472395EF0F00DC314B /* Sources */ = {
			isa = PBXSourcesBuildPhase;
			buildActionMask = 2147483647;
			files = (
				8CF7C8502395EF0F00DC314B /* EcommerceTemplateTests.swift in Sources */,
			);
			runOnlyForDeploymentPostprocessing = 0;
		};
		8CF7C8522395EF0F00DC314B /* Sources */ = {
			isa = PBXSourcesBuildPhase;
			buildActionMask = 2147483647;
			files = (
				8CF7C85B2395EF0F00DC314B /* EcommerceTemplateUITests.swift in Sources */,
			);
			runOnlyForDeploymentPostprocessing = 0;
		};
/* End PBXSourcesBuildPhase section */

/* Begin PBXTargetDependency section */
		8CF7C84D2395EF0F00DC314B /* PBXTargetDependency */ = {
			isa = PBXTargetDependency;
			target = 8CF7C8312395EF0C00DC314B /* EcommerceTemplate */;
			targetProxy = 8CF7C84C2395EF0F00DC314B /* PBXContainerItemProxy */;
		};
		8CF7C8582395EF0F00DC314B /* PBXTargetDependency */ = {
			isa = PBXTargetDependency;
			target = 8CF7C8312395EF0C00DC314B /* EcommerceTemplate */;
			targetProxy = 8CF7C8572395EF0F00DC314B /* PBXContainerItemProxy */;
		};
/* End PBXTargetDependency section */

/* Begin PBXVariantGroup section */
		8CF7C8432395EF0F00DC314B /* LaunchScreen.storyboard */ = {
			isa = PBXVariantGroup;
			children = (
				8CF7C8442395EF0F00DC314B /* Base */,
			);
			name = LaunchScreen.storyboard;
			sourceTree = "<group>";
		};
/* End PBXVariantGroup section */

/* Begin XCBuildConfiguration section */
		8CF7C85D2395EF0F00DC314B /* Debug */ = {
			isa = XCBuildConfiguration;
			buildSettings = {
				ALWAYS_SEARCH_USER_PATHS = NO;
				CLANG_ANALYZER_NONNULL = YES;
				CLANG_ANALYZER_NUMBER_OBJECT_CONVERSION = YES_AGGRESSIVE;
				CLANG_CXX_LANGUAGE_STANDARD = "gnu++14";
				CLANG_CXX_LIBRARY = "libc++";
				CLANG_ENABLE_MODULES = YES;
				CLANG_ENABLE_OBJC_ARC = YES;
				CLANG_ENABLE_OBJC_WEAK = YES;
				CLANG_WARN_BLOCK_CAPTURE_AUTORELEASING = YES;
				CLANG_WARN_BOOL_CONVERSION = YES;
				CLANG_WARN_COMMA = YES;
				CLANG_WARN_CONSTANT_CONVERSION = YES;
				CLANG_WARN_DEPRECATED_OBJC_IMPLEMENTATIONS = YES;
				CLANG_WARN_DIRECT_OBJC_ISA_USAGE = YES_ERROR;
				CLANG_WARN_DOCUMENTATION_COMMENTS = YES;
				CLANG_WARN_EMPTY_BODY = YES;
				CLANG_WARN_ENUM_CONVERSION = YES;
				CLANG_WARN_INFINITE_RECURSION = YES;
				CLANG_WARN_INT_CONVERSION = YES;
				CLANG_WARN_NON_LITERAL_NULL_CONVERSION = YES;
				CLANG_WARN_OBJC_IMPLICIT_RETAIN_SELF = YES;
				CLANG_WARN_OBJC_LITERAL_CONVERSION = YES;
				CLANG_WARN_OBJC_ROOT_CLASS = YES_ERROR;
				CLANG_WARN_RANGE_LOOP_ANALYSIS = YES;
				CLANG_WARN_STRICT_PROTOTYPES = YES;
				CLANG_WARN_SUSPICIOUS_MOVE = YES;
				CLANG_WARN_UNGUARDED_AVAILABILITY = YES_AGGRESSIVE;
				CLANG_WARN_UNREACHABLE_CODE = YES;
				CLANG_WARN__DUPLICATE_METHOD_MATCH = YES;
				COPY_PHASE_STRIP = NO;
				DEBUG_INFORMATION_FORMAT = dwarf;
				ENABLE_STRICT_OBJC_MSGSEND = YES;
				ENABLE_TESTABILITY = YES;
				GCC_C_LANGUAGE_STANDARD = gnu11;
				GCC_DYNAMIC_NO_PIC = NO;
				GCC_NO_COMMON_BLOCKS = YES;
				GCC_OPTIMIZATION_LEVEL = 0;
				GCC_PREPROCESSOR_DEFINITIONS = (
					"DEBUG=1",
					"$(inherited)",
				);
				GCC_WARN_64_TO_32_BIT_CONVERSION = YES;
				GCC_WARN_ABOUT_RETURN_TYPE = YES_ERROR;
				GCC_WARN_UNDECLARED_SELECTOR = YES;
				GCC_WARN_UNINITIALIZED_AUTOS = YES_AGGRESSIVE;
				GCC_WARN_UNUSED_FUNCTION = YES;
				GCC_WARN_UNUSED_VARIABLE = YES;
				IPHONEOS_DEPLOYMENT_TARGET = 13.2;
				MTL_ENABLE_DEBUG_INFO = INCLUDE_SOURCE;
				MTL_FAST_MATH = YES;
				ONLY_ACTIVE_ARCH = YES;
				SDKROOT = iphoneos;
				SWIFT_ACTIVE_COMPILATION_CONDITIONS = DEBUG;
				SWIFT_OPTIMIZATION_LEVEL = "-Onone";
			};
			name = Debug;
		};
		8CF7C85E2395EF0F00DC314B /* Release */ = {
			isa = XCBuildConfiguration;
			buildSettings = {
				ALWAYS_SEARCH_USER_PATHS = NO;
				CLANG_ANALYZER_NONNULL = YES;
				CLANG_ANALYZER_NUMBER_OBJECT_CONVERSION = YES_AGGRESSIVE;
				CLANG_CXX_LANGUAGE_STANDARD = "gnu++14";
				CLANG_CXX_LIBRARY = "libc++";
				CLANG_ENABLE_MODULES = YES;
				CLANG_ENABLE_OBJC_ARC = YES;
				CLANG_ENABLE_OBJC_WEAK = YES;
				CLANG_WARN_BLOCK_CAPTURE_AUTORELEASING = YES;
				CLANG_WARN_BOOL_CONVERSION = YES;
				CLANG_WARN_COMMA = YES;
				CLANG_WARN_CONSTANT_CONVERSION = YES;
				CLANG_WARN_DEPRECATED_OBJC_IMPLEMENTATIONS = YES;
				CLANG_WARN_DIRECT_OBJC_ISA_USAGE = YES_ERROR;
				CLANG_WARN_DOCUMENTATION_COMMENTS = YES;
				CLANG_WARN_EMPTY_BODY = YES;
				CLANG_WARN_ENUM_CONVERSION = YES;
				CLANG_WARN_INFINITE_RECURSION = YES;
				CLANG_WARN_INT_CONVERSION = YES;
				CLANG_WARN_NON_LITERAL_NULL_CONVERSION = YES;
				CLANG_WARN_OBJC_IMPLICIT_RETAIN_SELF = YES;
				CLANG_WARN_OBJC_LITERAL_CONVERSION = YES;
				CLANG_WARN_OBJC_ROOT_CLASS = YES_ERROR;
				CLANG_WARN_RANGE_LOOP_ANALYSIS = YES;
				CLANG_WARN_STRICT_PROTOTYPES = YES;
				CLANG_WARN_SUSPICIOUS_MOVE = YES;
				CLANG_WARN_UNGUARDED_AVAILABILITY = YES_AGGRESSIVE;
				CLANG_WARN_UNREACHABLE_CODE = YES;
				CLANG_WARN__DUPLICATE_METHOD_MATCH = YES;
				COPY_PHASE_STRIP = NO;
				DEBUG_INFORMATION_FORMAT = "dwarf-with-dsym";
				ENABLE_NS_ASSERTIONS = NO;
				ENABLE_STRICT_OBJC_MSGSEND = YES;
				GCC_C_LANGUAGE_STANDARD = gnu11;
				GCC_NO_COMMON_BLOCKS = YES;
				GCC_WARN_64_TO_32_BIT_CONVERSION = YES;
				GCC_WARN_ABOUT_RETURN_TYPE = YES_ERROR;
				GCC_WARN_UNDECLARED_SELECTOR = YES;
				GCC_WARN_UNINITIALIZED_AUTOS = YES_AGGRESSIVE;
				GCC_WARN_UNUSED_FUNCTION = YES;
				GCC_WARN_UNUSED_VARIABLE = YES;
				IPHONEOS_DEPLOYMENT_TARGET = 13.2;
				MTL_ENABLE_DEBUG_INFO = NO;
				MTL_FAST_MATH = YES;
				SDKROOT = iphoneos;
				SWIFT_COMPILATION_MODE = wholemodule;
				SWIFT_OPTIMIZATION_LEVEL = "-O";
				VALIDATE_PRODUCT = YES;
			};
			name = Release;
		};
		8CF7C8602395EF0F00DC314B /* Debug */ = {
			isa = XCBuildConfiguration;
			buildSettings = {
				ASSETCATALOG_COMPILER_APPICON_NAME = AppIcon;
				CODE_SIGN_STYLE = Automatic;
				DEVELOPMENT_ASSET_PATHS = "\"EcommerceTemplate/Preview Content\"";
				DEVELOPMENT_TEAM = W3U8G84792;
				ENABLE_PREVIEWS = YES;
				INFOPLIST_FILE = EcommerceTemplate/Info.plist;
				LD_RUNPATH_SEARCH_PATHS = (
					"$(inherited)",
					"@executable_path/Frameworks",
				);
				PRODUCT_BUNDLE_IDENTIFIER = com.trailingclosure.EcommerceTemplate;
				PRODUCT_NAME = "$(TARGET_NAME)";
				SWIFT_VERSION = 5.0;
				TARGETED_DEVICE_FAMILY = "1,2";
			};
			name = Debug;
		};
		8CF7C8612395EF0F00DC314B /* Release */ = {
			isa = XCBuildConfiguration;
			buildSettings = {
				ASSETCATALOG_COMPILER_APPICON_NAME = AppIcon;
				CODE_SIGN_STYLE = Automatic;
				DEVELOPMENT_ASSET_PATHS = "\"EcommerceTemplate/Preview Content\"";
				DEVELOPMENT_TEAM = W3U8G84792;
				ENABLE_PREVIEWS = YES;
				INFOPLIST_FILE = EcommerceTemplate/Info.plist;
				LD_RUNPATH_SEARCH_PATHS = (
					"$(inherited)",
					"@executable_path/Frameworks",
				);
				PRODUCT_BUNDLE_IDENTIFIER = com.trailingclosure.EcommerceTemplate;
				PRODUCT_NAME = "$(TARGET_NAME)";
				SWIFT_VERSION = 5.0;
				TARGETED_DEVICE_FAMILY = "1,2";
			};
			name = Release;
		};
		8CF7C8632395EF0F00DC314B /* Debug */ = {
			isa = XCBuildConfiguration;
			buildSettings = {
				ALWAYS_EMBED_SWIFT_STANDARD_LIBRARIES = YES;
				BUNDLE_LOADER = "$(TEST_HOST)";
				CODE_SIGN_STYLE = Automatic;
				DEVELOPMENT_TEAM = W3U8G84792;
				INFOPLIST_FILE = EcommerceTemplateTests/Info.plist;
				IPHONEOS_DEPLOYMENT_TARGET = 13.2;
				LD_RUNPATH_SEARCH_PATHS = (
					"$(inherited)",
					"@executable_path/Frameworks",
					"@loader_path/Frameworks",
				);
				PRODUCT_BUNDLE_IDENTIFIER = com.trailingclosure.EcommerceTemplateTests;
				PRODUCT_NAME = "$(TARGET_NAME)";
				SWIFT_VERSION = 5.0;
				TARGETED_DEVICE_FAMILY = "1,2";
				TEST_HOST = "$(BUILT_PRODUCTS_DIR)/EcommerceTemplate.app/EcommerceTemplate";
			};
			name = Debug;
		};
		8CF7C8642395EF0F00DC314B /* Release */ = {
			isa = XCBuildConfiguration;
			buildSettings = {
				ALWAYS_EMBED_SWIFT_STANDARD_LIBRARIES = YES;
				BUNDLE_LOADER = "$(TEST_HOST)";
				CODE_SIGN_STYLE = Automatic;
				DEVELOPMENT_TEAM = W3U8G84792;
				INFOPLIST_FILE = EcommerceTemplateTests/Info.plist;
				IPHONEOS_DEPLOYMENT_TARGET = 13.2;
				LD_RUNPATH_SEARCH_PATHS = (
					"$(inherited)",
					"@executable_path/Frameworks",
					"@loader_path/Frameworks",
				);
				PRODUCT_BUNDLE_IDENTIFIER = com.trailingclosure.EcommerceTemplateTests;
				PRODUCT_NAME = "$(TARGET_NAME)";
				SWIFT_VERSION = 5.0;
				TARGETED_DEVICE_FAMILY = "1,2";
				TEST_HOST = "$(BUILT_PRODUCTS_DIR)/EcommerceTemplate.app/EcommerceTemplate";
			};
			name = Release;
		};
		8CF7C8662395EF0F00DC314B /* Debug */ = {
			isa = XCBuildConfiguration;
			buildSettings = {
				ALWAYS_EMBED_SWIFT_STANDARD_LIBRARIES = YES;
				CODE_SIGN_STYLE = Automatic;
				DEVELOPMENT_TEAM = W3U8G84792;
				INFOPLIST_FILE = EcommerceTemplateUITests/Info.plist;
				LD_RUNPATH_SEARCH_PATHS = (
					"$(inherited)",
					"@executable_path/Frameworks",
					"@loader_path/Frameworks",
				);
				PRODUCT_BUNDLE_IDENTIFIER = com.trailingclosure.EcommerceTemplateUITests;
				PRODUCT_NAME = "$(TARGET_NAME)";
				SWIFT_VERSION = 5.0;
				TARGETED_DEVICE_FAMILY = "1,2";
				TEST_TARGET_NAME = EcommerceTemplate;
			};
			name = Debug;
		};
		8CF7C8672395EF0F00DC314B /* Release */ = {
			isa = XCBuildConfiguration;
			buildSettings = {
				ALWAYS_EMBED_SWIFT_STANDARD_LIBRARIES = YES;
				CODE_SIGN_STYLE = Automatic;
				DEVELOPMENT_TEAM = W3U8G84792;
				INFOPLIST_FILE = EcommerceTemplateUITests/Info.plist;
				LD_RUNPATH_SEARCH_PATHS = (
					"$(inherited)",
					"@executable_path/Frameworks",
					"@loader_path/Frameworks",
				);
				PRODUCT_BUNDLE_IDENTIFIER = com.trailingclosure.EcommerceTemplateUITests;
				PRODUCT_NAME = "$(TARGET_NAME)";
				SWIFT_VERSION = 5.0;
				TARGETED_DEVICE_FAMILY = "1,2";
				TEST_TARGET_NAME = EcommerceTemplate;
			};
			name = Release;
		};
/* End XCBuildConfiguration section */

/* Begin XCConfigurationList section */
		8CF7C82D2395EF0C00DC314B /* Build configuration list for PBXProject "EcommerceTemplate" */ = {
			isa = XCConfigurationList;
			buildConfigurations = (
				8CF7C85D2395EF0F00DC314B /* Debug */,
				8CF7C85E2395EF0F00DC314B /* Release */,
			);
			defaultConfigurationIsVisible = 0;
			defaultConfigurationName = Release;
		};
		8CF7C85F2395EF0F00DC314B /* Build configuration list for PBXNativeTarget "EcommerceTemplate" */ = {
			isa = XCConfigurationList;
			buildConfigurations = (
				8CF7C8602395EF0F00DC314B /* Debug */,
				8CF7C8612395EF0F00DC314B /* Release */,
			);
			defaultConfigurationIsVisible = 0;
			defaultConfigurationName = Release;
		};
		8CF7C8622395EF0F00DC314B /* Build configuration list for PBXNativeTarget "EcommerceTemplateTests" */ = {
			isa = XCConfigurationList;
			buildConfigurations = (
				8CF7C8632395EF0F00DC314B /* Debug */,
				8CF7C8642395EF0F00DC314B /* Release */,
			);
			defaultConfigurationIsVisible = 0;
			defaultConfigurationName = Release;
		};
		8CF7C8652395EF0F00DC314B /* Build configuration list for PBXNativeTarget "EcommerceTemplateUITests" */ = {
			isa = XCConfigurationList;
			buildConfigurations = (
				8CF7C8662395EF0F00DC314B /* Debug */,
				8CF7C8672395EF0F00DC314B /* Release */,
			);
			defaultConfigurationIsVisible = 0;
			defaultConfigurationName = Release;
		};
/* End XCConfigurationList section */

/* Begin XCVersionGroup section */
		8CF7C8392395EF0C00DC314B /* EcommerceTemplate.xcdatamodeld */ = {
			isa = XCVersionGroup;
			children = (
				8CF7C83A2395EF0C00DC314B /* EcommerceTemplate.xcdatamodel */,
			);
			currentVersion = 8CF7C83A2395EF0C00DC314B /* EcommerceTemplate.xcdatamodel */;
			path = EcommerceTemplate.xcdatamodeld;
			sourceTree = "<group>";
			versionGroupType = wrapper.xcdatamodel;
		};
/* End XCVersionGroup section */
	};
	rootObject = 8CF7C82A2395EF0C00DC314B /* Project object */;
}
